
Microsoft Visual Studio Solution File, Format Version 12.00
# Visual Studio Version 17
VisualStudioVersion = 17.4.33213.308
MinimumVisualStudioVersion = 10.0.40219.1
Project("{FAE04EC0-301F-11D3-BF4B-00C04F79EFBC}") = "ThePasswordValidator", "ThePasswordValidator.csproj", "{B1DB559B-B1C4-4B13-87D0-995DE8BEF84F}"
EndProject
Global
	GlobalSection(SolutionConfigurationPlatforms) = preSolution
		Debug|Any CPU = Debug|Any CPU
		Release|Any CPU = Release|Any CPU
	EndGlobalSection
	GlobalSection(ProjectConfigurationPlatforms) = postSolution
		{B1DB559B-B1C4-4B13-87D0-995DE8BEF84F}.Debug|Any CPU.ActiveCfg = Debug|Any CPU
		{B1DB559B-B1C4-4B13-87D0-995DE8BEF84F}.Debug|Any CPU.Build.0 = Debug|Any CPU
		{B1DB559B-B1C4-4B13-87D0-995DE8BEF84F}.Release|Any CPU.ActiveCfg = Release|Any CPU
		{B1DB559B-B1C4-4B13-87D0-995DE8BEF84F}.Release|Any CPU.Build.0 = Release|Any CPU
	EndGlobalSection
	GlobalSection(SolutionProperties) = preSolution
		HideSolutionNode = FALSE
	EndGlobalSection
	GlobalSection(ExtensibilityGlobals) = postSolution
		SolutionGuid = {4FB5D387-51C2-46A9-8ADA-0D453AB3A5E3}
	EndGlobalSection
EndGlobal
