
Microsoft Visual Studio Solution File, Format Version 12.00
# Visual Studio Version 17
VisualStudioVersion = 17.4.33213.308
MinimumVisualStudioVersion = 10.0.40219.1
Project("{FAE04EC0-301F-11D3-BF4B-00C04F79EFBC}") = "HelloWorld", "HelloWorld\HelloWorld.csproj", "{30F63670-A804-4679-8905-E8DD68A81FA1}"
EndProject
Global
	GlobalSection(SolutionConfigurationPlatforms) = preSolution
		Debug|Any CPU = Debug|Any CPU
		Release|Any CPU = Release|Any CPU
	EndGlobalSection
	GlobalSection(ProjectConfigurationPlatforms) = postSolution
		{30F63670-A804-4679-8905-E8DD68A81FA1}.Debug|Any CPU.ActiveCfg = Debug|Any CPU
		{30F63670-A804-4679-8905-E8DD68A81FA1}.Debug|Any CPU.Build.0 = Debug|Any CPU
		{30F63670-A804-4679-8905-E8DD68A81FA1}.Release|Any CPU.ActiveCfg = Release|Any CPU
		{30F63670-A804-4679-8905-E8DD68A81FA1}.Release|Any CPU.Build.0 = Release|Any CPU
	EndGlobalSection
	GlobalSection(SolutionProperties) = preSolution
		HideSolutionNode = FALSE
	EndGlobalSection
	GlobalSection(ExtensibilityGlobals) = postSolution
		SolutionGuid = {6369C854-C833-42FF-8EA9-FF3EFB92F027}
	EndGlobalSection
EndGlobal
