
Microsoft Visual Studio Solution File, Format Version 12.00
# Visual Studio Version 17
VisualStudioVersion = 17.4.33213.308
MinimumVisualStudioVersion = 10.0.40219.1
Project("{FAE04EC0-301F-11D3-BF4B-00C04F79EFBC}") = "SimulaSoup", "SimulaSoup.csproj", "{D3C38AAF-149F-4F47-BDEB-7B04E2C5D939}"
EndProject
Global
	GlobalSection(SolutionConfigurationPlatforms) = preSolution
		Debug|Any CPU = Debug|Any CPU
		Release|Any CPU = Release|Any CPU
	EndGlobalSection
	GlobalSection(ProjectConfigurationPlatforms) = postSolution
		{D3C38AAF-149F-4F47-BDEB-7B04E2C5D939}.Debug|Any CPU.ActiveCfg = Debug|Any CPU
		{D3C38AAF-149F-4F47-BDEB-7B04E2C5D939}.Debug|Any CPU.Build.0 = Debug|Any CPU
		{D3C38AAF-149F-4F47-BDEB-7B04E2C5D939}.Release|Any CPU.ActiveCfg = Release|Any CPU
		{D3C38AAF-149F-4F47-BDEB-7B04E2C5D939}.Release|Any CPU.Build.0 = Release|Any CPU
	EndGlobalSection
	GlobalSection(SolutionProperties) = preSolution
		HideSolutionNode = FALSE
	EndGlobalSection
	GlobalSection(ExtensibilityGlobals) = postSolution
		SolutionGuid = {B694DB62-E0AE-4DCF-BB0E-7E88E2B1B735}
	EndGlobalSection
EndGlobal
