
Microsoft Visual Studio Solution File, Format Version 12.00
# Visual Studio Version 17
VisualStudioVersion = 17.4.33213.308
MinimumVisualStudioVersion = 10.0.40219.1
Project("{FAE04EC0-301F-11D3-BF4B-00C04F79EFBC}") = "Countdown", "Countdown.csproj", "{A080A62A-AB2A-44CA-A20F-5D9D38BFB4F9}"
EndProject
Global
	GlobalSection(SolutionConfigurationPlatforms) = preSolution
		Debug|Any CPU = Debug|Any CPU
		Release|Any CPU = Release|Any CPU
	EndGlobalSection
	GlobalSection(ProjectConfigurationPlatforms) = postSolution
		{A080A62A-AB2A-44CA-A20F-5D9D38BFB4F9}.Debug|Any CPU.ActiveCfg = Debug|Any CPU
		{A080A62A-AB2A-44CA-A20F-5D9D38BFB4F9}.Debug|Any CPU.Build.0 = Debug|Any CPU
		{A080A62A-AB2A-44CA-A20F-5D9D38BFB4F9}.Release|Any CPU.ActiveCfg = Release|Any CPU
		{A080A62A-AB2A-44CA-A20F-5D9D38BFB4F9}.Release|Any CPU.Build.0 = Release|Any CPU
	EndGlobalSection
	GlobalSection(SolutionProperties) = preSolution
		HideSolutionNode = FALSE
	EndGlobalSection
	GlobalSection(ExtensibilityGlobals) = postSolution
		SolutionGuid = {AE28E4EB-6A35-468E-BB56-B09F68D8B583}
	EndGlobalSection
EndGlobal
